
Microsoft Visual Studio Solution File, Format Version 12.00
# Visual Studio Version 17
VisualStudioVersion = 17.9.34616.47
MinimumVisualStudioVersion = 10.0.40219.1
Project("{FAE04EC0-301F-11D3-BF4B-00C04F79EFBC}") = "Guest book", "..\13. ASP.NET Core и AJAX. Гостевая книга\Guest book\Guest book.csproj", "{D38C92AA-6821-4BBB-A320-BE969BE52BBC}"
EndProject
Global
	GlobalSection(SolutionConfigurationPlatforms) = preSolution
		Debug|Any CPU = Debug|Any CPU
		Release|Any CPU = Release|Any CPU
	EndGlobalSection
	GlobalSection(ProjectConfigurationPlatforms) = postSolution
		{D38C92AA-6821-4BBB-A320-BE969BE52BBC}.Debug|Any CPU.ActiveCfg = Debug|Any CPU
		{D38C92AA-6821-4BBB-A320-BE969BE52BBC}.Debug|Any CPU.Build.0 = Debug|Any CPU
		{D38C92AA-6821-4BBB-A320-BE969BE52BBC}.Release|Any CPU.ActiveCfg = Release|Any CPU
		{D38C92AA-6821-4BBB-A320-BE969BE52BBC}.Release|Any CPU.Build.0 = Release|Any CPU
	EndGlobalSection
	GlobalSection(SolutionProperties) = preSolution
		HideSolutionNode = FALSE
	EndGlobalSection
	GlobalSection(ExtensibilityGlobals) = postSolution
		SolutionGuid = {1A0063BE-33B3-482D-8CD9-F0FDA771348D}
	EndGlobalSection
EndGlobal
